
Microsoft Visual Studio Solution File, Format Version 11.00
# Visual Studio 2010
Project("{FAE04EC0-301F-11D3-BF4B-00C04F79EFBC}") = "Zendesk_Test", "Zendesk_Test\Zendesk_Test.csproj", "{FB1B9F2B-8337-4428-BD2E-B2ACA2DCF139}"
EndProject
Global
	GlobalSection(SolutionConfigurationPlatforms) = preSolution
		Debug|x86 = Debug|x86
		Release|x86 = Release|x86
	EndGlobalSection
	GlobalSection(ProjectConfigurationPlatforms) = postSolution
		{FB1B9F2B-8337-4428-BD2E-B2ACA2DCF139}.Debug|x86.ActiveCfg = Debug|x86
		{FB1B9F2B-8337-4428-BD2E-B2ACA2DCF139}.Debug|x86.Build.0 = Debug|x86
		{FB1B9F2B-8337-4428-BD2E-B2ACA2DCF139}.Release|x86.ActiveCfg = Release|x86
		{FB1B9F2B-8337-4428-BD2E-B2ACA2DCF139}.Release|x86.Build.0 = Release|x86
	EndGlobalSection
	GlobalSection(SolutionProperties) = preSolution
		HideSolutionNode = FALSE
	EndGlobalSection
EndGlobal
